
Microsoft Visual Studio Solution File, Format Version 12.00
# Visual Studio 2012
Project("{FAE04EC0-301F-11D3-BF4B-00C04F79EFBC}") = "ImageOps", "ImageOps\ImageOps.csproj", "{F04AFD7B-F200-48B8-87F2-F15D92349149}"
EndProject
Project("{FAE04EC0-301F-11D3-BF4B-00C04F79EFBC}") = "ImageOps.UT", "ImageOps.UT\ImageOps.UT.csproj", "{4D05DEDA-BDD6-4846-A40C-583A3D49D55B}"
EndProject
Project("{2150E333-8FDC-42A3-9474-1A3956D46DE8}") = "Solution Items", "Solution Items", "{9A9110CA-3103-4E8C-965C-4C1CE8C316AC}"
	ProjectSection(SolutionItems) = preProject
		Changelog.txt = Changelog.txt
	EndProjectSection
EndProject
Project("{FAE04EC0-301F-11D3-BF4B-00C04F79EFBC}") = "ImageOps.Example", "ImageOps.Example\ImageOps.Example.csproj", "{57ABB7C5-6170-4046-A5CF-E7602AEFF4FB}"
EndProject
Project("{FAE04EC0-301F-11D3-BF4B-00C04F79EFBC}") = "ImageOps.PerformanceTests", "ImageOps.PerformanceTests\ImageOps.PerformanceTests.csproj", "{0B928125-2FCF-4C6B-94CD-621E4698216F}"
EndProject
Global
	GlobalSection(SolutionConfigurationPlatforms) = preSolution
		Debug|Any CPU = Debug|Any CPU
		Debug|Mixed Platforms = Debug|Mixed Platforms
		Debug|x86 = Debug|x86
		Release|Any CPU = Release|Any CPU
		Release|Mixed Platforms = Release|Mixed Platforms
		Release|x86 = Release|x86
	EndGlobalSection
	GlobalSection(ProjectConfigurationPlatforms) = postSolution
		{F04AFD7B-F200-48B8-87F2-F15D92349149}.Debug|Any CPU.ActiveCfg = Debug|Any CPU
		{F04AFD7B-F200-48B8-87F2-F15D92349149}.Debug|Any CPU.Build.0 = Debug|Any CPU
		{F04AFD7B-F200-48B8-87F2-F15D92349149}.Debug|Mixed Platforms.ActiveCfg = Debug|Any CPU
		{F04AFD7B-F200-48B8-87F2-F15D92349149}.Debug|Mixed Platforms.Build.0 = Debug|Any CPU
		{F04AFD7B-F200-48B8-87F2-F15D92349149}.Debug|x86.ActiveCfg = Debug|Any CPU
		{F04AFD7B-F200-48B8-87F2-F15D92349149}.Release|Any CPU.ActiveCfg = Release|Any CPU
		{F04AFD7B-F200-48B8-87F2-F15D92349149}.Release|Any CPU.Build.0 = Release|Any CPU
		{F04AFD7B-F200-48B8-87F2-F15D92349149}.Release|Mixed Platforms.ActiveCfg = Release|Any CPU
		{F04AFD7B-F200-48B8-87F2-F15D92349149}.Release|Mixed Platforms.Build.0 = Release|Any CPU
		{F04AFD7B-F200-48B8-87F2-F15D92349149}.Release|x86.ActiveCfg = Release|Any CPU
		{4D05DEDA-BDD6-4846-A40C-583A3D49D55B}.Debug|Any CPU.ActiveCfg = Debug|Any CPU
		{4D05DEDA-BDD6-4846-A40C-583A3D49D55B}.Debug|Any CPU.Build.0 = Debug|Any CPU
		{4D05DEDA-BDD6-4846-A40C-583A3D49D55B}.Debug|Mixed Platforms.ActiveCfg = Debug|Any CPU
		{4D05DEDA-BDD6-4846-A40C-583A3D49D55B}.Debug|Mixed Platforms.Build.0 = Debug|Any CPU
		{4D05DEDA-BDD6-4846-A40C-583A3D49D55B}.Debug|x86.ActiveCfg = Debug|Any CPU
		{4D05DEDA-BDD6-4846-A40C-583A3D49D55B}.Release|Any CPU.ActiveCfg = Release|Any CPU
		{4D05DEDA-BDD6-4846-A40C-583A3D49D55B}.Release|Any CPU.Build.0 = Release|Any CPU
		{4D05DEDA-BDD6-4846-A40C-583A3D49D55B}.Release|Mixed Platforms.ActiveCfg = Release|Any CPU
		{4D05DEDA-BDD6-4846-A40C-583A3D49D55B}.Release|Mixed Platforms.Build.0 = Release|Any CPU
		{4D05DEDA-BDD6-4846-A40C-583A3D49D55B}.Release|x86.ActiveCfg = Release|Any CPU
		{57ABB7C5-6170-4046-A5CF-E7602AEFF4FB}.Debug|Any CPU.ActiveCfg = Debug|x86
		{57ABB7C5-6170-4046-A5CF-E7602AEFF4FB}.Debug|Mixed Platforms.ActiveCfg = Debug|x86
		{57ABB7C5-6170-4046-A5CF-E7602AEFF4FB}.Debug|Mixed Platforms.Build.0 = Debug|x86
		{57ABB7C5-6170-4046-A5CF-E7602AEFF4FB}.Debug|x86.ActiveCfg = Debug|x86
		{57ABB7C5-6170-4046-A5CF-E7602AEFF4FB}.Debug|x86.Build.0 = Debug|x86
		{57ABB7C5-6170-4046-A5CF-E7602AEFF4FB}.Release|Any CPU.ActiveCfg = Release|x86
		{57ABB7C5-6170-4046-A5CF-E7602AEFF4FB}.Release|Mixed Platforms.ActiveCfg = Release|x86
		{57ABB7C5-6170-4046-A5CF-E7602AEFF4FB}.Release|Mixed Platforms.Build.0 = Release|x86
		{57ABB7C5-6170-4046-A5CF-E7602AEFF4FB}.Release|x86.ActiveCfg = Release|x86
		{57ABB7C5-6170-4046-A5CF-E7602AEFF4FB}.Release|x86.Build.0 = Release|x86
		{0B928125-2FCF-4C6B-94CD-621E4698216F}.Debug|Any CPU.ActiveCfg = Debug|Any CPU
		{0B928125-2FCF-4C6B-94CD-621E4698216F}.Debug|Any CPU.Build.0 = Debug|Any CPU
		{0B928125-2FCF-4C6B-94CD-621E4698216F}.Debug|Mixed Platforms.ActiveCfg = Debug|Any CPU
		{0B928125-2FCF-4C6B-94CD-621E4698216F}.Debug|Mixed Platforms.Build.0 = Debug|Any CPU
		{0B928125-2FCF-4C6B-94CD-621E4698216F}.Debug|x86.ActiveCfg = Debug|Any CPU
		{0B928125-2FCF-4C6B-94CD-621E4698216F}.Release|Any CPU.ActiveCfg = Release|Any CPU
		{0B928125-2FCF-4C6B-94CD-621E4698216F}.Release|Any CPU.Build.0 = Release|Any CPU
		{0B928125-2FCF-4C6B-94CD-621E4698216F}.Release|Mixed Platforms.ActiveCfg = Release|Any CPU
		{0B928125-2FCF-4C6B-94CD-621E4698216F}.Release|Mixed Platforms.Build.0 = Release|Any CPU
		{0B928125-2FCF-4C6B-94CD-621E4698216F}.Release|x86.ActiveCfg = Release|Any CPU
	EndGlobalSection
	GlobalSection(SolutionProperties) = preSolution
		HideSolutionNode = FALSE
	EndGlobalSection
	GlobalSection(Performance) = preSolution
		HasPerformanceSessions = true
	EndGlobalSection
EndGlobal
